
Microsoft Visual Studio Solution File, Format Version 12.00
# Visual Studio Version 16
VisualStudioVersion = 16.0.33529.622
MinimumVisualStudioVersion = 10.0.40219.1
Project("{C9674DCB-5085-4A16-B785-4C70DD1589BD}") = "UKAccidents_SSIS", "UKAccidents_SSIS\UKAccidents_SSIS.dtproj", "{20BD2900-3B8B-464D-A79A-2C5B0203441E}"
EndProject
Global
	GlobalSection(SolutionConfigurationPlatforms) = preSolution
		Development|Default = Development|Default
	EndGlobalSection
	GlobalSection(ProjectConfigurationPlatforms) = postSolution
		{20BD2900-3B8B-464D-A79A-2C5B0203441E}.Development|Default.ActiveCfg = Development
		{20BD2900-3B8B-464D-A79A-2C5B0203441E}.Development|Default.Build.0 = Development
	EndGlobalSection
	GlobalSection(SolutionProperties) = preSolution
		HideSolutionNode = FALSE
	EndGlobalSection
	GlobalSection(ExtensibilityGlobals) = postSolution
		SolutionGuid = {8650E3F1-D67D-4D31-85AE-DD3C30CFFCD8}
	EndGlobalSection
EndGlobal
